
Microsoft Visual Studio Solution File, Format Version 12.00
# Visual Studio Version 17
VisualStudioVersion = 17.5.33209.295
MinimumVisualStudioVersion = 10.0.40219.1
Project("{9A19103F-16F7-4668-BE54-9A1E7A4F7556}") = "BlazorCalendar", "BlazorCalendar\BlazorCalendar.csproj", "{4C2A63D8-86D8-4F58-B560-504ECEFE9B85}"
EndProject
Global
	GlobalSection(SolutionConfigurationPlatforms) = preSolution
		Debug|Any CPU = Debug|Any CPU
		Release|Any CPU = Release|Any CPU
	EndGlobalSection
	GlobalSection(ProjectConfigurationPlatforms) = postSolution
		{4C2A63D8-86D8-4F58-B560-504ECEFE9B85}.Debug|Any CPU.ActiveCfg = Debug|Any CPU
		{4C2A63D8-86D8-4F58-B560-504ECEFE9B85}.Debug|Any CPU.Build.0 = Debug|Any CPU
		{4C2A63D8-86D8-4F58-B560-504ECEFE9B85}.Release|Any CPU.ActiveCfg = Release|Any CPU
		{4C2A63D8-86D8-4F58-B560-504ECEFE9B85}.Release|Any CPU.Build.0 = Release|Any CPU
	EndGlobalSection
	GlobalSection(SolutionProperties) = preSolution
		HideSolutionNode = FALSE
	EndGlobalSection
	GlobalSection(ExtensibilityGlobals) = postSolution
		SolutionGuid = {7678F754-03B5-4F28-91DE-5A8B901C77E5}
	EndGlobalSection
EndGlobal
